
Microsoft Visual Studio Solution File, Format Version 12.00
# Visual Studio Version 17
VisualStudioVersion = 17.4.33110.190
MinimumVisualStudioVersion = 10.0.40219.1
Project("{FAE04EC0-301F-11D3-BF4B-00C04F79EFBC}") = "AoC2022", "AoC2022\AoC2022.csproj", "{48B3E4B2-2A8B-48A8-BC0C-ED02B7C4885C}"
EndProject
Global
	GlobalSection(SolutionConfigurationPlatforms) = preSolution
		Debug|Any CPU = Debug|Any CPU
		Release|Any CPU = Release|Any CPU
	EndGlobalSection
	GlobalSection(ProjectConfigurationPlatforms) = postSolution
		{48B3E4B2-2A8B-48A8-BC0C-ED02B7C4885C}.Debug|Any CPU.ActiveCfg = Debug|Any CPU
		{48B3E4B2-2A8B-48A8-BC0C-ED02B7C4885C}.Debug|Any CPU.Build.0 = Debug|Any CPU
		{48B3E4B2-2A8B-48A8-BC0C-ED02B7C4885C}.Release|Any CPU.ActiveCfg = Release|Any CPU
		{48B3E4B2-2A8B-48A8-BC0C-ED02B7C4885C}.Release|Any CPU.Build.0 = Release|Any CPU
	EndGlobalSection
	GlobalSection(SolutionProperties) = preSolution
		HideSolutionNode = FALSE
	EndGlobalSection
	GlobalSection(ExtensibilityGlobals) = postSolution
		SolutionGuid = {20AD7272-9ECD-4E54-8F31-1E2F2FAD2B2F}
	EndGlobalSection
EndGlobal
